{
  "owner_pid": 95060,
  "started_at_iso": "2026-07-11T07:57:26.115Z",
  "ttl_ms": 1500000,
  "last_heartbeat_iso": "2026-07-11T07:57:26.115Z",
  "packet_id": ".opencode/specs/system-deep-loop/052-deep-loop-unification/008-divergent-mode-dogfood",
  "runtime_kind": "main",
  "phase": "running",
  "last_activity_iso": "2026-07-11T07:57:26.115Z",
  "acquire_nonce": "95060-1783756646116-521b4a82-f3aa-4fe7-b457-2c7d1537a7f1"
}
