{
  "name": "@spec-kit/system-deep-loop",
  "version": "1.0.0",
  "lockfileVersion": 3,
  "requires": true,
  "packages": {
    "": {
      "name": "@spec-kit/system-deep-loop",
      "version": "1.0.0",
      "dependencies": {
        "@spec-kit/shared": "file:../system-spec-kit/shared"
      },
      "engines": {
        "node": ">=20.11"
      }
    },
    "../system-spec-kit/shared": {
      "name": "@spec-kit/shared",
      "version": "1.7.2",
      "dependencies": {
        "@huggingface/transformers": "^3.8.1",
        "@modelcontextprotocol/sdk": "^1.24.3",
        "js-yaml": "^4.3.0"
      },
      "engines": {
        "node": ">=20.11.0"
      }
    },
    "node_modules/@spec-kit/shared": {
      "resolved": "../system-spec-kit/shared",
      "link": true
    }
  }
}
