{
  "lockfileVersion": 1,
  "configVersion": 1,
  "workspaces": {
    "": {
      "dependencies": {
        "@opencode-ai/plugin": "1.0.215",
      },
    },
  },
  "packages": {
    "@opencode-ai/plugin": ["@opencode-ai/plugin@1.0.215", "", { "dependencies": { "@opencode-ai/sdk": "1.0.215", "zod": "4.1.8" } }, "sha512-4kr0HQrtPpLLDqEF4IFySjDL3ya1alfo52qsGeJZnUZho96CIES4XDDXgeuD2IWB2WXR0Nqz4GJRWVrSrghY8A=="],

    "@opencode-ai/sdk": ["@opencode-ai/sdk@1.0.215", "", {}, "sha512-5NApHVjKRLNGZ4r9YsjnrlFRzOYOYrEZv2c9cQXlRrGIaV4pt31G17lDaPpwkc0nSOkMTKyb8OOuCtLyvomAfg=="],

    "zod": ["zod@4.1.8", "", {}, "sha512-5R1P+WwQqmmMIEACyzSvo4JXHY5WiAFHRMg+zBZKgKS+Q1viRa0C1hmUKtHltoIFKtIdki3pRxkmpP74jnNYHQ=="],
  }
}
