{
  "lockfileVersion": 1,
  "configVersion": 1,
  "workspaces": {
    "": {
      "dependencies": {
        "@opencode-ai/plugin": "1.0.213",
      },
    },
  },
  "packages": {
    "@opencode-ai/plugin": ["@opencode-ai/plugin@1.0.213", "", { "dependencies": { "@opencode-ai/sdk": "1.0.213", "zod": "4.1.8" } }, "sha512-T5E79Z6d55fY4EjXWjf9Dk9q8+i7WYD/WP9F8sNkNsdhXvemPtRii4chJrjSW3O4xVJgkRv6QAvDts9rOm0Z/g=="],

    "@opencode-ai/sdk": ["@opencode-ai/sdk@1.0.213", "", {}, "sha512-nmdTcRF1D4JxnVs7AI27pf22qZ9QlihT+N4k/2DH+Dg+JW5po520LnQZTtoaanMdyN26KU3uCi7AJ/I2wJejfw=="],

    "zod": ["zod@4.1.8", "", {}, "sha512-5R1P+WwQqmmMIEACyzSvo4JXHY5WiAFHRMg+zBZKgKS+Q1viRa0C1hmUKtHltoIFKtIdki3pRxkmpP74jnNYHQ=="],
  }
}
