{
  "owner_pid": 8009,
  "started_at_iso": "2026-07-24T04:17:03.111Z",
  "ttl_ms": 300000,
  "last_heartbeat_iso": "2026-07-24T04:17:03.111Z",
  "packet_id": ".opencode/specs/cli-external-orchestration/029-cli-devin-revival",
  "runtime_kind": "main",
  "phase": "running",
  "last_activity_iso": "2026-07-24T04:17:03.111Z",
  "acquire_nonce": "8009-1784866623111-fb1326d3-54ae-452a-ba0c-57d0aff2ffc4"
}
