{
  "owner_pid": 76778,
  "started_at_iso": "2026-06-30T08:01:03.899Z",
  "ttl_ms": 300000,
  "last_heartbeat_iso": "2026-06-30T08:01:03.899Z",
  "packet_id": ".opencode/specs/skilled-agent-orchestration/156-agent-loops-improved",
  "runtime_kind": "main",
  "phase": "running",
  "last_activity_iso": "2026-06-30T08:01:03.899Z",
  "acquire_nonce": "76778-1782806463901-3f1a25c3-cb79-4557-8491-2ac02f87c2e4"
}
